
Microsoft Visual Studio Solution File, Format Version 12.00
# Visual Studio Version 16
VisualStudioVersion = 16.0.29123.88
MinimumVisualStudioVersion = 10.0.40219.1
Project("{9A19103F-16F7-4668-BE54-9A1E7A4F7556}") = "ConsolPrj1", "ConsolPrj1\ConsolPrj1.csproj", "{7765EE7D-469A-4B85-808A-EF90FC7DC49C}"
EndProject
Project("{9A19103F-16F7-4668-BE54-9A1E7A4F7556}") = "LibPrj3", "LibPrj3\LibPrj3.csproj", "{9830433F-E49C-4D7F-9679-A01C54490E75}"
Project("{9A19103F-16F7-4668-BE54-9A1E7A4F7556}") = "LibPrj3", "LibPrj3\LibPrj3.csproj", "{9830433F-E49C-4D7F-9679-A01C54490E75}"
EndProject
Project("{9A19103F-16F7-4668-BE54-9A1E7A4F7556}") = "ConsoleApp1", "ConsoleApp1\ConsoleApp1.csproj", "{DB69F337-691D-43BD-B670-1D55FA4AFC0D}"
EndProject
Project("{9A19103F-16F7-4668-BE54-9A1E7A4F7556}") = "ConsoleApp1", "ConsoleApp1\ConsoleApp1.csproj", "{DB69F337-691D-43BD-B670-1D55FA4AFC0D}"
EndProject
Project("{9A19103F-16F7-4668-BE54-9A1E7A4F7556}") = "SelfProgress", "SelfProgress\SelfProgress.csproj", "{CAB7A641-50EC-458F-94E7-CC2A951EE435}"
Project("{9A19103F-16F7-4668-BE54-9A1E7A4F7556}") = "SelfProgress", "SelfProgress\SelfProgress.csproj", "{CAB7A641-50EC-458F-94E7-CC2A951EE435}"
EndProject
Project("{FAE04EC0-301F-11D3-BF4B-00C04F79EFBC}") = "ThirdTask", "ThirdTask\ThirdTask.csproj", "{1AC60E29-3A36-4289-B524-D09F09CF2271}"
Project("{9A19103F-16F7-4668-BE54-9A1E7A4F7556}") = "HomeWork2", "HomeWork2\HomeWork2.csproj", "{F55B9D9E-FC39-4399-B362-6FD71AF70BF7}"
EndProject
Global
	GlobalSection(SolutionConfigurationPlatforms) = preSolution
		Debug|Any CPU = Debug|Any CPU
		Release|Any CPU = Release|Any CPU
	EndGlobalSection
	GlobalSection(ProjectConfigurationPlatforms) = postSolution
		{7765EE7D-469A-4B85-808A-EF90FC7DC49C}.Debug|Any CPU.ActiveCfg = Debug|Any CPU
		{7765EE7D-469A-4B85-808A-EF90FC7DC49C}.Debug|Any CPU.Build.0 = Debug|Any CPU
		{7765EE7D-469A-4B85-808A-EF90FC7DC49C}.Release|Any CPU.ActiveCfg = Release|Any CPU
		{7765EE7D-469A-4B85-808A-EF90FC7DC49C}.Release|Any CPU.Build.0 = Release|Any CPU
		{9830433F-E49C-4D7F-9679-A01C54490E75}.Debug|Any CPU.ActiveCfg = Debug|Any CPU
		{9830433F-E49C-4D7F-9679-A01C54490E75}.Debug|Any CPU.Build.0 = Debug|Any CPU
		{9830433F-E49C-4D7F-9679-A01C54490E75}.Release|Any CPU.ActiveCfg = Release|Any CPU
		{9830433F-E49C-4D7F-9679-A01C54490E75}.Release|Any CPU.Build.0 = Release|Any CPU
		{DB69F337-691D-43BD-B670-1D55FA4AFC0D}.Debug|Any CPU.ActiveCfg = Debug|Any CPU
		{DB69F337-691D-43BD-B670-1D55FA4AFC0D}.Debug|Any CPU.Build.0 = Debug|Any CPU
		{DB69F337-691D-43BD-B670-1D55FA4AFC0D}.Release|Any CPU.ActiveCfg = Release|Any CPU
		{DB69F337-691D-43BD-B670-1D55FA4AFC0D}.Release|Any CPU.Build.0 = Release|Any CPU
		{CAB7A641-50EC-458F-94E7-CC2A951EE435}.Debug|Any CPU.ActiveCfg = Debug|Any CPU
		{CAB7A641-50EC-458F-94E7-CC2A951EE435}.Debug|Any CPU.Build.0 = Debug|Any CPU
		{CAB7A641-50EC-458F-94E7-CC2A951EE435}.Release|Any CPU.ActiveCfg = Release|Any CPU
		{CAB7A641-50EC-458F-94E7-CC2A951EE435}.Release|Any CPU.Build.0 = Release|Any CPU
		{F55B9D9E-FC39-4399-B362-6FD71AF70BF7}.Debug|Any CPU.ActiveCfg = Debug|Any CPU
		{F55B9D9E-FC39-4399-B362-6FD71AF70BF7}.Debug|Any CPU.Build.0 = Debug|Any CPU
		{F55B9D9E-FC39-4399-B362-6FD71AF70BF7}.Release|Any CPU.ActiveCfg = Release|Any CPU
		{F55B9D9E-FC39-4399-B362-6FD71AF70BF7}.Release|Any CPU.Build.0 = Release|Any CPU
	EndGlobalSection
	GlobalSection(SolutionProperties) = preSolution
		HideSolutionNode = FALSE
	EndGlobalSection
	GlobalSection(ExtensibilityGlobals) = postSolution
		SolutionGuid = {1B24D789-655F-4EED-B924-DA2D5E99190C}
	EndGlobalSection
EndGlobal
